// !$*UTF8*$!
{
	archiveVersion = 1;
	classes = {
	};
	objectVersion = 48;
	objects = {

/* Begin PBXBuildFile section */
		722C8AD820424639005DC45D /* AppDelegate.swift in Sources */ = {isa = PBXBuildFile; fileRef = 722C8AD720424639005DC45D /* AppDelegate.swift */; };
		722C8ADA20424639005DC45D /* ViewController.swift in Sources */ = {isa = PBXBuildFile; fileRef = 722C8AD920424639005DC45D /* ViewController.swift */; };
		722C8ADD20424639005DC45D /* Main.storyboard in Resources */ = {isa = PBXBuildFile; fileRef = 722C8ADB20424639005DC45D /* Main.storyboard */; };
		722C8ADF20424639005DC45D /* Assets.xcassets in Resources */ = {isa = PBXBuildFile; fileRef = 722C8ADE20424639005DC45D /* Assets.xcassets */; };
		722C8AE220424639005DC45D /* LaunchScreen.storyboard in Resources */ = {isa = PBXBuildFile; fileRef = 722C8AE020424639005DC45D /* LaunchScreen.storyboard */; };
		722C8AED2042463A005DC45D /* Dash_TransportationTests.swift in Sources */ = {isa = PBXBuildFile; fileRef = 722C8AEC2042463A005DC45D /* Dash_TransportationTests.swift */; };
		722C8AF82042463A005DC45D /* Dash_TransportationUITests.swift in Sources */ = {isa = PBXBuildFile; fileRef = 722C8AF72042463A005DC45D /* Dash_TransportationUITests.swift */; };
/* End PBXBuildFile section */

/* Begin PBXContainerItemProxy section */
		722C8AE92042463A005DC45D /* PBXContainerItemProxy */ = {
			isa = PBXContainerItemProxy;
			containerPortal = 722C8ACC20424639005DC45D /* Project object */;
			proxyType = 1;
			remoteGlobalIDString = 722C8AD320424639005DC45D;
			remoteInfo = "Dash Transportation";
		};
		722C8AF42042463A005DC45D /* PBXContainerItemProxy */ = {
			isa = PBXContainerItemProxy;
			containerPortal = 722C8ACC20424639005DC45D /* Project object */;
			proxyType = 1;
			remoteGlobalIDString = 722C8AD320424639005DC45D;
			remoteInfo = "Dash Transportation";
		};
/* End PBXContainerItemProxy section */

/* Begin PBXFileReference section */
		722C8AD420424639005DC45D /* Dash Transportation.app */ = {isa = PBXFileReference; explicitFileType = wrapper.application; includeInIndex = 0; path = "Dash Transportation.app"; sourceTree = BUILT_PRODUCTS_DIR; };
		722C8AD720424639005DC45D /* AppDelegate.swift */ = {isa = PBXFileReference; lastKnownFileType = sourcecode.swift; path = AppDelegate.swift; sourceTree = "<group>"; };
		722C8AD920424639005DC45D /* ViewController.swift */ = {isa = PBXFileReference; lastKnownFileType = sourcecode.swift; path = ViewController.swift; sourceTree = "<group>"; };
		722C8ADC20424639005DC45D /* Base */ = {isa = PBXFileReference; lastKnownFileType = file.storyboard; name = Base; path = Base.lproj/Main.storyboard; sourceTree = "<group>"; };
		722C8ADE20424639005DC45D /* Assets.xcassets */ = {isa = PBXFileReference; lastKnownFileType = folder.assetcatalog; path = Assets.xcassets; sourceTree = "<group>"; };
		722C8AE120424639005DC45D /* Base */ = {isa = PBXFileReference; lastKnownFileType = file.storyboard; name = Base; path = Base.lproj/LaunchScreen.storyboard; sourceTree = "<group>"; };
		722C8AE320424639005DC45D /* Info.plist */ = {isa = PBXFileReference; lastKnownFileType = text.plist.xml; path = Info.plist; sourceTree = "<group>"; };
		722C8AE820424639005DC45D /* Dash TransportationTests.xctest */ = {isa = PBXFileReference; explicitFileType = wrapper.cfbundle; includeInIndex = 0; path = "Dash TransportationTests.xctest"; sourceTree = BUILT_PRODUCTS_DIR; };
		722C8AEC2042463A005DC45D /* Dash_TransportationTests.swift */ = {isa = PBXFileReference; lastKnownFileType = sourcecode.swift; path = Dash_TransportationTests.swift; sourceTree = "<group>"; };
		722C8AEE2042463A005DC45D /* Info.plist */ = {isa = PBXFileReference; lastKnownFileType = text.plist.xml; path = Info.plist; sourceTree = "<group>"; };
		722C8AF32042463A005DC45D /* Dash TransportationUITests.xctest */ = {isa = PBXFileReference; explicitFileType = wrapper.cfbundle; includeInIndex = 0; path = "Dash TransportationUITests.xctest"; sourceTree = BUILT_PRODUCTS_DIR; };
		722C8AF72042463A005DC45D /* Dash_TransportationUITests.swift */ = {isa = PBXFileReference; lastKnownFileType = sourcecode.swift; path = Dash_TransportationUITests.swift; sourceTree = "<group>"; };
		722C8AF92042463A005DC45D /* Info.plist */ = {isa = PBXFileReference; lastKnownFileType = text.plist.xml; path = Info.plist; sourceTree = "<group>"; };
/* End PBXFileReference section */

/* Begin PBXFrameworksBuildPhase section */
		722C8AD120424639005DC45D /* Frameworks */ = {
			isa = PBXFrameworksBuildPhase;
			buildActionMask = 2147483647;
			files = (
			);
			runOnlyForDeploymentPostprocessing = 0;
		};
		722C8AE520424639005DC45D /* Frameworks */ = {
			isa = PBXFrameworksBuildPhase;
			buildActionMask = 2147483647;
			files = (
			);
			runOnlyForDeploymentPostprocessing = 0;
		};
		722C8AF02042463A005DC45D /* Frameworks */ = {
			isa = PBXFrameworksBuildPhase;
			buildActionMask = 2147483647;
			files = (
			);
			runOnlyForDeploymentPostprocessing = 0;
		};
/* End PBXFrameworksBuildPhase section */

/* Begin PBXGroup section */
		722C8ACB20424639005DC45D = {
			isa = PBXGroup;
			children = (
				722C8AD620424639005DC45D /* Dash Transportation */,
				722C8AEB2042463A005DC45D /* Dash TransportationTests */,
				722C8AF62042463A005DC45D /* Dash TransportationUITests */,
				722C8AD520424639005DC45D /* Products */,
			);
			sourceTree = "<group>";
		};
		722C8AD520424639005DC45D /* Products */ = {
			isa = PBXGroup;
			children = (
				722C8AD420424639005DC45D /* Dash Transportation.app */,
				722C8AE820424639005DC45D /* Dash TransportationTests.xctest */,
				722C8AF32042463A005DC45D /* Dash TransportationUITests.xctest */,
			);
			name = Products;
			sourceTree = "<group>";
		};
		722C8AD620424639005DC45D /* Dash Transportation */ = {
			isa = PBXGroup;
			children = (
				722C8AD720424639005DC45D /* AppDelegate.swift */,
				722C8AD920424639005DC45D /* ViewController.swift */,
				722C8ADB20424639005DC45D /* Main.storyboard */,
				722C8ADE20424639005DC45D /* Assets.xcassets */,
				722C8AE020424639005DC45D /* LaunchScreen.storyboard */,
				722C8AE320424639005DC45D /* Info.plist */,
			);
			path = "Dash Transportation";
			sourceTree = "<group>";
		};
		722C8AEB2042463A005DC45D /* Dash TransportationTests */ = {
			isa = PBXGroup;
			children = (
				722C8AEC2042463A005DC45D /* Dash_TransportationTests.swift */,
				722C8AEE2042463A005DC45D /* Info.plist */,
			);
			path = "Dash TransportationTests";
			sourceTree = "<group>";
		};
		722C8AF62042463A005DC45D /* Dash TransportationUITests */ = {
			isa = PBXGroup;
			children = (
				722C8AF72042463A005DC45D /* Dash_TransportationUITests.swift */,
				722C8AF92042463A005DC45D /* Info.plist */,
			);
			path = "Dash TransportationUITests";
			sourceTree = "<group>";
		};
/* End PBXGroup section */

/* Begin PBXNativeTarget section */
		722C8AD320424639005DC45D /* Dash Transportation */ = {
			isa = PBXNativeTarget;
			buildConfigurationList = 722C8AFC2042463A005DC45D /* Build configuration list for PBXNativeTarget "Dash Transportation" */;
			buildPhases = (
				722C8AD020424639005DC45D /* Sources */,
				722C8AD120424639005DC45D /* Frameworks */,
				722C8AD220424639005DC45D /* Resources */,
			);
			buildRules = (
			);
			dependencies = (
			);
			name = "Dash Transportation";
			productName = "Dash Transportation";
			productReference = 722C8AD420424639005DC45D /* Dash Transportation.app */;
			productType = "com.apple.product-type.application";
		};
		722C8AE720424639005DC45D /* Dash TransportationTests */ = {
			isa = PBXNativeTarget;
			buildConfigurationList = 722C8AFF2042463A005DC45D /* Build configuration list for PBXNativeTarget "Dash TransportationTests" */;
			buildPhases = (
				722C8AE420424639005DC45D /* Sources */,
				722C8AE520424639005DC45D /* Frameworks */,
				722C8AE620424639005DC45D /* Resources */,
			);
			buildRules = (
			);
			dependencies = (
				722C8AEA2042463A005DC45D /* PBXTargetDependency */,
			);
			name = "Dash TransportationTests";
			productName = "Dash TransportationTests";
			productReference = 722C8AE820424639005DC45D /* Dash TransportationTests.xctest */;
			productType = "com.apple.product-type.bundle.unit-test";
		};
		722C8AF22042463A005DC45D /* Dash TransportationUITests */ = {
			isa = PBXNativeTarget;
			buildConfigurationList = 722C8B022042463A005DC45D /* Build configuration list for PBXNativeTarget "Dash TransportationUITests" */;
			buildPhases = (
				722C8AEF2042463A005DC45D /* Sources */,
				722C8AF02042463A005DC45D /* Frameworks */,
				722C8AF12042463A005DC45D /* Resources */,
			);
			buildRules = (
			);
			dependencies = (
				722C8AF52042463A005DC45D /* PBXTargetDependency */,
			);
			name = "Dash TransportationUITests";
			productName = "Dash TransportationUITests";
			productReference = 722C8AF32042463A005DC45D /* Dash TransportationUITests.xctest */;
			productType = "com.apple.product-type.bundle.ui-testing";
		};
/* End PBXNativeTarget section */

/* Begin PBXProject section */
		722C8ACC20424639005DC45D /* Project object */ = {
			isa = PBXProject;
			attributes = {
				LastSwiftUpdateCheck = 0920;
				LastUpgradeCheck = 0920;
				ORGANIZATIONNAME = "Dash Transportation";
				TargetAttributes = {
					722C8AD320424639005DC45D = {
						CreatedOnToolsVersion = 9.2;
						ProvisioningStyle = Automatic;
					};
					722C8AE720424639005DC45D = {
						CreatedOnToolsVersion = 9.2;
						ProvisioningStyle = Automatic;
						TestTargetID = 722C8AD320424639005DC45D;
					};
					722C8AF22042463A005DC45D = {
						CreatedOnToolsVersion = 9.2;
						ProvisioningStyle = Automatic;
						TestTargetID = 722C8AD320424639005DC45D;
					};
				};
			};
			buildConfigurationList = 722C8ACF20424639005DC45D /* Build configuration list for PBXProject "Dash Transportation" */;
			compatibilityVersion = "Xcode 8.0";
			developmentRegion = en;
			hasScannedForEncodings = 0;
			knownRegions = (
				en,
				Base,
			);
			mainGroup = 722C8ACB20424639005DC45D;
			productRefGroup = 722C8AD520424639005DC45D /* Products */;
			projectDirPath = "";
			projectRoot = "";
			targets = (
				722C8AD320424639005DC45D /* Dash Transportation */,
				722C8AE720424639005DC45D /* Dash TransportationTests */,
				722C8AF22042463A005DC45D /* Dash TransportationUITests */,
			);
		};
/* End PBXProject section */

/* Begin PBXResourcesBuildPhase section */
		722C8AD220424639005DC45D /* Resources */ = {
			isa = PBXResourcesBuildPhase;
			buildActionMask = 2147483647;
			files = (
				722C8AE220424639005DC45D /* LaunchScreen.storyboard in Resources */,
				722C8ADF20424639005DC45D /* Assets.xcassets in Resources */,
				722C8ADD20424639005DC45D /* Main.storyboard in Resources */,
			);
			runOnlyForDeploymentPostprocessing = 0;
		};
		722C8AE620424639005DC45D /* Resources */ = {
			isa = PBXResourcesBuildPhase;
			buildActionMask = 2147483647;
			files = (
			);
			runOnlyForDeploymentPostprocessing = 0;
		};
		722C8AF12042463A005DC45D /* Resources */ = {
			isa = PBXResourcesBuildPhase;
			buildActionMask = 2147483647;
			files = (
			);
			runOnlyForDeploymentPostprocessing = 0;
		};
/* End PBXResourcesBuildPhase section */

/* Begin PBXSourcesBuildPhase section */
		722C8AD020424639005DC45D /* Sources */ = {
			isa = PBXSourcesBuildPhase;
			buildActionMask = 2147483647;
			files = (
				722C8ADA20424639005DC45D /* ViewController.swift in Sources */,
				722C8AD820424639005DC45D /* AppDelegate.swift in Sources */,
			);
			runOnlyForDeploymentPostprocessing = 0;
		};
		722C8AE420424639005DC45D /* Sources */ = {
			isa = PBXSourcesBuildPhase;
			buildActionMask = 2147483647;
			files = (
				722C8AED2042463A005DC45D /* Dash_TransportationTests.swift in Sources */,
			);
			runOnlyForDeploymentPostprocessing = 0;
		};
		722C8AEF2042463A005DC45D /* Sources */ = {
			isa = PBXSourcesBuildPhase;
			buildActionMask = 2147483647;
			files = (
				722C8AF82042463A005DC45D /* Dash_TransportationUITests.swift in Sources */,
			);
			runOnlyForDeploymentPostprocessing = 0;
		};
/* End PBXSourcesBuildPhase section */

/* Begin PBXTargetDependency section */
		722C8AEA2042463A005DC45D /* PBXTargetDependency */ = {
			isa = PBXTargetDependency;
			target = 722C8AD320424639005DC45D /* Dash Transportation */;
			targetProxy = 722C8AE92042463A005DC45D /* PBXContainerItemProxy */;
		};
		722C8AF52042463A005DC45D /* PBXTargetDependency */ = {
			isa = PBXTargetDependency;
			target = 722C8AD320424639005DC45D /* Dash Transportation */;
			targetProxy = 722C8AF42042463A005DC45D /* PBXContainerItemProxy */;
		};
/* End PBXTargetDependency section */

/* Begin PBXVariantGroup section */
		722C8ADB20424639005DC45D /* Main.storyboard */ = {
			isa = PBXVariantGroup;
			children = (
				722C8ADC20424639005DC45D /* Base */,
			);
			name = Main.storyboard;
			sourceTree = "<group>";
		};
		722C8AE020424639005DC45D /* LaunchScreen.storyboard */ = {
			isa = PBXVariantGroup;
			children = (
				722C8AE120424639005DC45D /* Base */,
			);
			name = LaunchScreen.storyboard;
			sourceTree = "<group>";
		};
/* End PBXVariantGroup section */

/* Begin XCBuildConfiguration section */
		722C8AFA2042463A005DC45D /* Debug */ = {
			isa = XCBuildConfiguration;
			buildSettings = {
				ALWAYS_SEARCH_USER_PATHS = NO;
				CLANG_ANALYZER_NONNULL = YES;
				CLANG_ANALYZER_NUMBER_OBJECT_CONVERSION = YES_AGGRESSIVE;
				CLANG_CXX_LANGUAGE_STANDARD = "gnu++14";
				CLANG_CXX_LIBRARY = "libc++";
				CLANG_ENABLE_MODULES = YES;
				CLANG_ENABLE_OBJC_ARC = YES;
				CLANG_WARN_BLOCK_CAPTURE_AUTORELEASING = YES;
				CLANG_WARN_BOOL_CONVERSION = YES;
				CLANG_WARN_COMMA = YES;
				CLANG_WARN_CONSTANT_CONVERSION = YES;
				CLANG_WARN_DIRECT_OBJC_ISA_USAGE = YES_ERROR;
				CLANG_WARN_DOCUMENTATION_COMMENTS = YES;
				CLANG_WARN_EMPTY_BODY = YES;
				CLANG_WARN_ENUM_CONVERSION = YES;
				CLANG_WARN_INFINITE_RECURSION = YES;
				CLANG_WARN_INT_CONVERSION = YES;
				CLANG_WARN_NON_LITERAL_NULL_CONVERSION = YES;
				CLANG_WARN_OBJC_LITERAL_CONVERSION = YES;
				CLANG_WARN_OBJC_ROOT_CLASS = YES_ERROR;
				CLANG_WARN_RANGE_LOOP_ANALYSIS = YES;
				CLANG_WARN_STRICT_PROTOTYPES = YES;
				CLANG_WARN_SUSPICIOUS_MOVE = YES;
				CLANG_WARN_UNGUARDED_AVAILABILITY = YES_AGGRESSIVE;
				CLANG_WARN_UNREACHABLE_CODE = YES;
				CLANG_WARN__DUPLICATE_METHOD_MATCH = YES;
				CODE_SIGN_IDENTITY = "iPhone Developer";
				COPY_PHASE_STRIP = NO;
				DEBUG_INFORMATION_FORMAT = dwarf;
				ENABLE_STRICT_OBJC_MSGSEND = YES;
				ENABLE_TESTABILITY = YES;
				GCC_C_LANGUAGE_STANDARD = gnu11;
				GCC_DYNAMIC_NO_PIC = NO;
				GCC_NO_COMMON_BLOCKS = YES;
				GCC_OPTIMIZATION_LEVEL = 0;
				GCC_PREPROCESSOR_DEFINITIONS = (
					"DEBUG=1",
					"$(inherited)",
				);
				GCC_WARN_64_TO_32_BIT_CONVERSION = YES;
				GCC_WARN_ABOUT_RETURN_TYPE = YES_ERROR;
				GCC_WARN_UNDECLARED_SELECTOR = YES;
				GCC_WARN_UNINITIALIZED_AUTOS = YES_AGGRESSIVE;
				GCC_WARN_UNUSED_FUNCTION = YES;
				GCC_WARN_UNUSED_VARIABLE = YES;
				IPHONEOS_DEPLOYMENT_TARGET = 11.2;
				MTL_ENABLE_DEBUG_INFO = YES;
				ONLY_ACTIVE_ARCH = YES;
				SDKROOT = iphoneos;
				SWIFT_ACTIVE_COMPILATION_CONDITIONS = DEBUG;
				SWIFT_OPTIMIZATION_LEVEL = "-Onone";
			};
			name = Debug;
		};
		722C8AFB2042463A005DC45D /* Release */ = {
			isa = XCBuildConfiguration;
			buildSettings = {
				ALWAYS_SEARCH_USER_PATHS = NO;
				CLANG_ANALYZER_NONNULL = YES;
				CLANG_ANALYZER_NUMBER_OBJECT_CONVERSION = YES_AGGRESSIVE;
				CLANG_CXX_LANGUAGE_STANDARD = "gnu++14";
				CLANG_CXX_LIBRARY = "libc++";
				CLANG_ENABLE_MODULES = YES;
				CLANG_ENABLE_OBJC_ARC = YES;
				CLANG_WARN_BLOCK_CAPTURE_AUTORELEASING = YES;
				CLANG_WARN_BOOL_CONVERSION = YES;
				CLANG_WARN_COMMA = YES;
				CLANG_WARN_CONSTANT_CONVERSION = YES;
				CLANG_WARN_DIRECT_OBJC_ISA_USAGE = YES_ERROR;
				CLANG_WARN_DOCUMENTATION_COMMENTS = YES;
				CLANG_WARN_EMPTY_BODY = YES;
				CLANG_WARN_ENUM_CONVERSION = YES;
				CLANG_WARN_INFINITE_RECURSION = YES;
				CLANG_WARN_INT_CONVERSION = YES;
				CLANG_WARN_NON_LITERAL_NULL_CONVERSION = YES;
				CLANG_WARN_OBJC_LITERAL_CONVERSION = YES;
				CLANG_WARN_OBJC_ROOT_CLASS = YES_ERROR;
				CLANG_WARN_RANGE_LOOP_ANALYSIS = YES;
				CLANG_WARN_STRICT_PROTOTYPES = YES;
				CLANG_WARN_SUSPICIOUS_MOVE = YES;
				CLANG_WARN_UNGUARDED_AVAILABILITY = YES_AGGRESSIVE;
				CLANG_WARN_UNREACHABLE_CODE = YES;
				CLANG_WARN__DUPLICATE_METHOD_MATCH = YES;
				CODE_SIGN_IDENTITY = "iPhone Developer";
				COPY_PHASE_STRIP = NO;
				DEBUG_INFORMATION_FORMAT = "dwarf-with-dsym";
				ENABLE_NS_ASSERTIONS = NO;
				ENABLE_STRICT_OBJC_MSGSEND = YES;
				GCC_C_LANGUAGE_STANDARD = gnu11;
				GCC_NO_COMMON_BLOCKS = YES;
				GCC_WARN_64_TO_32_BIT_CONVERSION = YES;
				GCC_WARN_ABOUT_RETURN_TYPE = YES_ERROR;
				GCC_WARN_UNDECLARED_SELECTOR = YES;
				GCC_WARN_UNINITIALIZED_AUTOS = YES_AGGRESSIVE;
				GCC_WARN_UNUSED_FUNCTION = YES;
				GCC_WARN_UNUSED_VARIABLE = YES;
				IPHONEOS_DEPLOYMENT_TARGET = 11.2;
				MTL_ENABLE_DEBUG_INFO = NO;
				SDKROOT = iphoneos;
				SWIFT_OPTIMIZATION_LEVEL = "-Owholemodule";
				VALIDATE_PRODUCT = YES;
			};
			name = Release;
		};
		722C8AFD2042463A005DC45D /* Debug */ = {
			isa = XCBuildConfiguration;
			buildSettings = {
				ASSETCATALOG_COMPILER_APPICON_NAME = AppIcon;
				CODE_SIGN_STYLE = Automatic;
				INFOPLIST_FILE = "Dash Transportation/Info.plist";
				LD_RUNPATH_SEARCH_PATHS = "$(inherited) @executable_path/Frameworks";
				PRODUCT_BUNDLE_IDENTIFIER = "com.dash-transportation.Dash-Transportation";
				PRODUCT_NAME = "$(TARGET_NAME)";
				SWIFT_VERSION = 4.0;
				TARGETED_DEVICE_FAMILY = "1,2";
			};
			name = Debug;
		};
		722C8AFE2042463A005DC45D /* Release */ = {
			isa = XCBuildConfiguration;
			buildSettings = {
				ASSETCATALOG_COMPILER_APPICON_NAME = AppIcon;
				CODE_SIGN_STYLE = Automatic;
				INFOPLIST_FILE = "Dash Transportation/Info.plist";
				LD_RUNPATH_SEARCH_PATHS = "$(inherited) @executable_path/Frameworks";
				PRODUCT_BUNDLE_IDENTIFIER = "com.dash-transportation.Dash-Transportation";
				PRODUCT_NAME = "$(TARGET_NAME)";
				SWIFT_VERSION = 4.0;
				TARGETED_DEVICE_FAMILY = "1,2";
			};
			name = Release;
		};
		722C8B002042463A005DC45D /* Debug */ = {
			isa = XCBuildConfiguration;
			buildSettings = {
				ALWAYS_EMBED_SWIFT_STANDARD_LIBRARIES = YES;
				BUNDLE_LOADER = "$(TEST_HOST)";
				CODE_SIGN_STYLE = Automatic;
				INFOPLIST_FILE = "Dash TransportationTests/Info.plist";
				LD_RUNPATH_SEARCH_PATHS = "$(inherited) @executable_path/Frameworks @loader_path/Frameworks";
				PRODUCT_BUNDLE_IDENTIFIER = "com.dash-transportation.Dash-TransportationTests";
				PRODUCT_NAME = "$(TARGET_NAME)";
				SWIFT_VERSION = 4.0;
				TARGETED_DEVICE_FAMILY = "1,2";
				TEST_HOST = "$(BUILT_PRODUCTS_DIR)/Dash Transportation.app/Dash Transportation";
			};
			name = Debug;
		};
		722C8B012042463A005DC45D /* Release */ = {
			isa = XCBuildConfiguration;
			buildSettings = {
				ALWAYS_EMBED_SWIFT_STANDARD_LIBRARIES = YES;
				BUNDLE_LOADER = "$(TEST_HOST)";
				CODE_SIGN_STYLE = Automatic;
				INFOPLIST_FILE = "Dash TransportationTests/Info.plist";
				LD_RUNPATH_SEARCH_PATHS = "$(inherited) @executable_path/Frameworks @loader_path/Frameworks";
				PRODUCT_BUNDLE_IDENTIFIER = "com.dash-transportation.Dash-TransportationTests";
				PRODUCT_NAME = "$(TARGET_NAME)";
				SWIFT_VERSION = 4.0;
				TARGETED_DEVICE_FAMILY = "1,2";
				TEST_HOST = "$(BUILT_PRODUCTS_DIR)/Dash Transportation.app/Dash Transportation";
			};
			name = Release;
		};
		722C8B032042463A005DC45D /* Debug */ = {
			isa = XCBuildConfiguration;
			buildSettings = {
				ALWAYS_EMBED_SWIFT_STANDARD_LIBRARIES = YES;
				CODE_SIGN_STYLE = Automatic;
				INFOPLIST_FILE = "Dash TransportationUITests/Info.plist";
				LD_RUNPATH_SEARCH_PATHS = "$(inherited) @executable_path/Frameworks @loader_path/Frameworks";
				PRODUCT_BUNDLE_IDENTIFIER = "com.dash-transportation.Dash-TransportationUITests";
				PRODUCT_NAME = "$(TARGET_NAME)";
				SWIFT_VERSION = 4.0;
				TARGETED_DEVICE_FAMILY = "1,2";
				TEST_TARGET_NAME = "Dash Transportation";
			};
			name = Debug;
		};
		722C8B042042463A005DC45D /* Release */ = {
			isa = XCBuildConfiguration;
			buildSettings = {
				ALWAYS_EMBED_SWIFT_STANDARD_LIBRARIES = YES;
				CODE_SIGN_STYLE = Automatic;
				INFOPLIST_FILE = "Dash TransportationUITests/Info.plist";
				LD_RUNPATH_SEARCH_PATHS = "$(inherited) @executable_path/Frameworks @loader_path/Frameworks";
				PRODUCT_BUNDLE_IDENTIFIER = "com.dash-transportation.Dash-TransportationUITests";
				PRODUCT_NAME = "$(TARGET_NAME)";
				SWIFT_VERSION = 4.0;
				TARGETED_DEVICE_FAMILY = "1,2";
				TEST_TARGET_NAME = "Dash Transportation";
			};
			name = Release;
		};
/* End XCBuildConfiguration section */

/* Begin XCConfigurationList section */
		722C8ACF20424639005DC45D /* Build configuration list for PBXProject "Dash Transportation" */ = {
			isa = XCConfigurationList;
			buildConfigurations = (
				722C8AFA2042463A005DC45D /* Debug */,
				722C8AFB2042463A005DC45D /* Release */,
			);
			defaultConfigurationIsVisible = 0;
			defaultConfigurationName = Release;
		};
		722C8AFC2042463A005DC45D /* Build configuration list for PBXNativeTarget "Dash Transportation" */ = {
			isa = XCConfigurationList;
			buildConfigurations = (
				722C8AFD2042463A005DC45D /* Debug */,
				722C8AFE2042463A005DC45D /* Release */,
			);
			defaultConfigurationIsVisible = 0;
			defaultConfigurationName = Release;
		};
		722C8AFF2042463A005DC45D /* Build configuration list for PBXNativeTarget "Dash TransportationTests" */ = {
			isa = XCConfigurationList;
			buildConfigurations = (
				722C8B002042463A005DC45D /* Debug */,
				722C8B012042463A005DC45D /* Release */,
			);
			defaultConfigurationIsVisible = 0;
			defaultConfigurationName = Release;
		};
		722C8B022042463A005DC45D /* Build configuration list for PBXNativeTarget "Dash TransportationUITests" */ = {
			isa = XCConfigurationList;
			buildConfigurations = (
				722C8B032042463A005DC45D /* Debug */,
				722C8B042042463A005DC45D /* Release */,
			);
			defaultConfigurationIsVisible = 0;
			defaultConfigurationName = Release;
		};
/* End XCConfigurationList section */
	};
	rootObject = 722C8ACC20424639005DC45D /* Project object */;
}
