// !$*UTF8*$!
{
	archiveVersion = 1;
	classes = {
	};
	objectVersion = 48;
	objects = {

/* Begin PBXBuildFile section */
		26107F6C2046796E00924505 /* Images in Resources */ = {isa = PBXBuildFile; fileRef = 26107F6B2046796E00924505 /* Images */; };
		350527303685BFD9531786D2 /* Pods_Dash_Transportation.framework in Frameworks */ = {isa = PBXBuildFile; fileRef = F59FD090284DE902A1B80A33 /* Pods_Dash_Transportation.framework */; };
		569A23D32BBC56A1BE0399C3 /* Pods_Dash_TransportationUITests.framework in Frameworks */ = {isa = PBXBuildFile; fileRef = F193D76CF7E65D800AC0F801 /* Pods_Dash_TransportationUITests.framework */; };
		72004A5C204251EF00334E8C /* User.swift in Sources */ = {isa = PBXBuildFile; fileRef = 72004A5B204251EF00334E8C /* User.swift */; };
		72004A5E204254EA00334E8C /* HomeVC.swift in Sources */ = {isa = PBXBuildFile; fileRef = 72004A5D204254EA00334E8C /* HomeVC.swift */; };
		72004A602042622B00334E8C /* LoginVC.swift in Sources */ = {isa = PBXBuildFile; fileRef = 72004A5F2042622B00334E8C /* LoginVC.swift */; };
		722C8AD820424639005DC45D /* AppDelegate.swift in Sources */ = {isa = PBXBuildFile; fileRef = 722C8AD720424639005DC45D /* AppDelegate.swift */; };
		722C8ADA20424639005DC45D /* SignUpVC.swift in Sources */ = {isa = PBXBuildFile; fileRef = 722C8AD920424639005DC45D /* SignUpVC.swift */; };
		722C8ADD20424639005DC45D /* Main.storyboard in Resources */ = {isa = PBXBuildFile; fileRef = 722C8ADB20424639005DC45D /* Main.storyboard */; };
		722C8ADF20424639005DC45D /* Assets.xcassets in Resources */ = {isa = PBXBuildFile; fileRef = 722C8ADE20424639005DC45D /* Assets.xcassets */; };
		722C8AE220424639005DC45D /* LaunchScreen.storyboard in Resources */ = {isa = PBXBuildFile; fileRef = 722C8AE020424639005DC45D /* LaunchScreen.storyboard */; };
		722C8AED2042463A005DC45D /* Dash_TransportationTests.swift in Sources */ = {isa = PBXBuildFile; fileRef = 722C8AEC2042463A005DC45D /* Dash_TransportationTests.swift */; };
		722C8AF82042463A005DC45D /* Dash_TransportationUITests.swift in Sources */ = {isa = PBXBuildFile; fileRef = 722C8AF72042463A005DC45D /* Dash_TransportationUITests.swift */; };
		722C8B0620424756005DC45D /* GoogleService-Info.plist in Resources */ = {isa = PBXBuildFile; fileRef = 722C8B0520424756005DC45D /* GoogleService-Info.plist */; };
		72B6AA382043E07C0063600E /* VerifyVC.swift in Sources */ = {isa = PBXBuildFile; fileRef = 72B6AA372043E07C0063600E /* VerifyVC.swift */; };
		E3AEC5AD591B0F2FB2B7C3D9 /* Pods_Dash_TransportationTests.framework in Frameworks */ = {isa = PBXBuildFile; fileRef = 3D87AC1C5540B022582AAE9B /* Pods_Dash_TransportationTests.framework */; };
/* End PBXBuildFile section */

/* Begin PBXContainerItemProxy section */
		722C8AE92042463A005DC45D /* PBXContainerItemProxy */ = {
			isa = PBXContainerItemProxy;
			containerPortal = 722C8ACC20424639005DC45D /* Project object */;
			proxyType = 1;
			remoteGlobalIDString = 722C8AD320424639005DC45D;
			remoteInfo = "Dash Transportation";
		};
		722C8AF42042463A005DC45D /* PBXContainerItemProxy */ = {
			isa = PBXContainerItemProxy;
			containerPortal = 722C8ACC20424639005DC45D /* Project object */;
			proxyType = 1;
			remoteGlobalIDString = 722C8AD320424639005DC45D;
			remoteInfo = "Dash Transportation";
		};
/* End PBXContainerItemProxy section */

/* Begin PBXFileReference section */
		0A84A997294904B21A1B6CC9 /* Pods-Dash TransportationTests.release.xcconfig */ = {isa = PBXFileReference; includeInIndex = 1; lastKnownFileType = text.xcconfig; name = "Pods-Dash TransportationTests.release.xcconfig"; path = "Pods/Target Support Files/Pods-Dash TransportationTests/Pods-Dash TransportationTests.release.xcconfig"; sourceTree = "<group>"; };
		255A0A8CB6E2CB98B49AE449 /* Pods-Dash Transportation.release.xcconfig */ = {isa = PBXFileReference; includeInIndex = 1; lastKnownFileType = text.xcconfig; name = "Pods-Dash Transportation.release.xcconfig"; path = "Pods/Target Support Files/Pods-Dash Transportation/Pods-Dash Transportation.release.xcconfig"; sourceTree = "<group>"; };
		26107F6B2046796E00924505 /* Images */ = {isa = PBXFileReference; lastKnownFileType = folder; path = Images; sourceTree = "<group>"; };
		3D87AC1C5540B022582AAE9B /* Pods_Dash_TransportationTests.framework */ = {isa = PBXFileReference; explicitFileType = wrapper.framework; includeInIndex = 0; path = Pods_Dash_TransportationTests.framework; sourceTree = BUILT_PRODUCTS_DIR; };
		72004A5B204251EF00334E8C /* User.swift */ = {isa = PBXFileReference; lastKnownFileType = sourcecode.swift; path = User.swift; sourceTree = "<group>"; };
		72004A5D204254EA00334E8C /* HomeVC.swift */ = {isa = PBXFileReference; lastKnownFileType = sourcecode.swift; path = HomeVC.swift; sourceTree = "<group>"; };
		72004A5F2042622B00334E8C /* LoginVC.swift */ = {isa = PBXFileReference; lastKnownFileType = sourcecode.swift; path = LoginVC.swift; sourceTree = "<group>"; };
		722C8AD420424639005DC45D /* Dash Transportation.app */ = {isa = PBXFileReference; explicitFileType = wrapper.application; includeInIndex = 0; path = "Dash Transportation.app"; sourceTree = BUILT_PRODUCTS_DIR; };
		722C8AD720424639005DC45D /* AppDelegate.swift */ = {isa = PBXFileReference; lastKnownFileType = sourcecode.swift; path = AppDelegate.swift; sourceTree = "<group>"; };
		722C8AD920424639005DC45D /* SignUpVC.swift */ = {isa = PBXFileReference; lastKnownFileType = sourcecode.swift; path = SignUpVC.swift; sourceTree = "<group>"; };
		722C8ADC20424639005DC45D /* Base */ = {isa = PBXFileReference; lastKnownFileType = file.storyboard; name = Base; path = Base.lproj/Main.storyboard; sourceTree = "<group>"; };
		722C8ADE20424639005DC45D /* Assets.xcassets */ = {isa = PBXFileReference; lastKnownFileType = folder.assetcatalog; path = Assets.xcassets; sourceTree = "<group>"; };
		722C8AE120424639005DC45D /* Base */ = {isa = PBXFileReference; lastKnownFileType = file.storyboard; name = Base; path = Base.lproj/LaunchScreen.storyboard; sourceTree = "<group>"; };
		722C8AE320424639005DC45D /* Info.plist */ = {isa = PBXFileReference; lastKnownFileType = text.plist.xml; path = Info.plist; sourceTree = "<group>"; };
		722C8AE820424639005DC45D /* Dash TransportationTests.xctest */ = {isa = PBXFileReference; explicitFileType = wrapper.cfbundle; includeInIndex = 0; path = "Dash TransportationTests.xctest"; sourceTree = BUILT_PRODUCTS_DIR; };
		722C8AEC2042463A005DC45D /* Dash_TransportationTests.swift */ = {isa = PBXFileReference; lastKnownFileType = sourcecode.swift; path = Dash_TransportationTests.swift; sourceTree = "<group>"; };
		722C8AEE2042463A005DC45D /* Info.plist */ = {isa = PBXFileReference; lastKnownFileType = text.plist.xml; path = Info.plist; sourceTree = "<group>"; };
		722C8AF32042463A005DC45D /* Dash TransportationUITests.xctest */ = {isa = PBXFileReference; explicitFileType = wrapper.cfbundle; includeInIndex = 0; path = "Dash TransportationUITests.xctest"; sourceTree = BUILT_PRODUCTS_DIR; };
		722C8AF72042463A005DC45D /* Dash_TransportationUITests.swift */ = {isa = PBXFileReference; lastKnownFileType = sourcecode.swift; path = Dash_TransportationUITests.swift; sourceTree = "<group>"; };
		722C8AF92042463A005DC45D /* Info.plist */ = {isa = PBXFileReference; lastKnownFileType = text.plist.xml; path = Info.plist; sourceTree = "<group>"; };
		722C8B0520424756005DC45D /* GoogleService-Info.plist */ = {isa = PBXFileReference; fileEncoding = 4; lastKnownFileType = text.plist.xml; path = "GoogleService-Info.plist"; sourceTree = "<group>"; };
		72B6AA372043E07C0063600E /* VerifyVC.swift */ = {isa = PBXFileReference; lastKnownFileType = sourcecode.swift; path = VerifyVC.swift; sourceTree = "<group>"; };
		8F7EE31AF74ECBD2B4B8246B /* Pods-Dash TransportationUITests.debug.xcconfig */ = {isa = PBXFileReference; includeInIndex = 1; lastKnownFileType = text.xcconfig; name = "Pods-Dash TransportationUITests.debug.xcconfig"; path = "Pods/Target Support Files/Pods-Dash TransportationUITests/Pods-Dash TransportationUITests.debug.xcconfig"; sourceTree = "<group>"; };
		9FE439583D617F146BABC039 /* Pods-Dash Transportation.debug.xcconfig */ = {isa = PBXFileReference; includeInIndex = 1; lastKnownFileType = text.xcconfig; name = "Pods-Dash Transportation.debug.xcconfig"; path = "Pods/Target Support Files/Pods-Dash Transportation/Pods-Dash Transportation.debug.xcconfig"; sourceTree = "<group>"; };
		B9A6A0EA88B237737B80CA31 /* Pods-Dash TransportationUITests.release.xcconfig */ = {isa = PBXFileReference; includeInIndex = 1; lastKnownFileType = text.xcconfig; name = "Pods-Dash TransportationUITests.release.xcconfig"; path = "Pods/Target Support Files/Pods-Dash TransportationUITests/Pods-Dash TransportationUITests.release.xcconfig"; sourceTree = "<group>"; };
		F193D76CF7E65D800AC0F801 /* Pods_Dash_TransportationUITests.framework */ = {isa = PBXFileReference; explicitFileType = wrapper.framework; includeInIndex = 0; path = Pods_Dash_TransportationUITests.framework; sourceTree = BUILT_PRODUCTS_DIR; };
		F59FD090284DE902A1B80A33 /* Pods_Dash_Transportation.framework */ = {isa = PBXFileReference; explicitFileType = wrapper.framework; includeInIndex = 0; path = Pods_Dash_Transportation.framework; sourceTree = BUILT_PRODUCTS_DIR; };
		FD49729342228F0F0F9D9923 /* Pods-Dash TransportationTests.debug.xcconfig */ = {isa = PBXFileReference; includeInIndex = 1; lastKnownFileType = text.xcconfig; name = "Pods-Dash TransportationTests.debug.xcconfig"; path = "Pods/Target Support Files/Pods-Dash TransportationTests/Pods-Dash TransportationTests.debug.xcconfig"; sourceTree = "<group>"; };
/* End PBXFileReference section */

/* Begin PBXFrameworksBuildPhase section */
		722C8AD120424639005DC45D /* Frameworks */ = {
			isa = PBXFrameworksBuildPhase;
			buildActionMask = 2147483647;
			files = (
				350527303685BFD9531786D2 /* Pods_Dash_Transportation.framework in Frameworks */,
			);
			runOnlyForDeploymentPostprocessing = 0;
		};
		722C8AE520424639005DC45D /* Frameworks */ = {
			isa = PBXFrameworksBuildPhase;
			buildActionMask = 2147483647;
			files = (
				E3AEC5AD591B0F2FB2B7C3D9 /* Pods_Dash_TransportationTests.framework in Frameworks */,
			);
			runOnlyForDeploymentPostprocessing = 0;
		};
		722C8AF02042463A005DC45D /* Frameworks */ = {
			isa = PBXFrameworksBuildPhase;
			buildActionMask = 2147483647;
			files = (
				569A23D32BBC56A1BE0399C3 /* Pods_Dash_TransportationUITests.framework in Frameworks */,
			);
			runOnlyForDeploymentPostprocessing = 0;
		};
/* End PBXFrameworksBuildPhase section */

/* Begin PBXGroup section */
		72004A592042519700334E8C /* Controllers */ = {
			isa = PBXGroup;
			children = (
				722C8AD920424639005DC45D /* SignUpVC.swift */,
				72004A5D204254EA00334E8C /* HomeVC.swift */,
				72004A5F2042622B00334E8C /* LoginVC.swift */,
				72B6AA372043E07C0063600E /* VerifyVC.swift */,
			);
			path = Controllers;
			sourceTree = "<group>";
		};
		72004A5A204251A600334E8C /* Models */ = {
			isa = PBXGroup;
			children = (
				72004A5B204251EF00334E8C /* User.swift */,
			);
			path = Models;
			sourceTree = "<group>";
		};
		722C8ACB20424639005DC45D = {
			isa = PBXGroup;
			children = (
				26107F6B2046796E00924505 /* Images */,
				722C8AD620424639005DC45D /* Dash Transportation */,
				722C8AEB2042463A005DC45D /* Dash TransportationTests */,
				722C8AF62042463A005DC45D /* Dash TransportationUITests */,
				722C8AD520424639005DC45D /* Products */,
				D15FD72B31505C44A7F0F85C /* Pods */,
				FF6846445D83063DD264B4F0 /* Frameworks */,
			);
			sourceTree = "<group>";
		};
		722C8AD520424639005DC45D /* Products */ = {
			isa = PBXGroup;
			children = (
				722C8AD420424639005DC45D /* Dash Transportation.app */,
				722C8AE820424639005DC45D /* Dash TransportationTests.xctest */,
				722C8AF32042463A005DC45D /* Dash TransportationUITests.xctest */,
			);
			name = Products;
			sourceTree = "<group>";
		};
		722C8AD620424639005DC45D /* Dash Transportation */ = {
			isa = PBXGroup;
			children = (
				72004A5A204251A600334E8C /* Models */,
				72004A592042519700334E8C /* Controllers */,
				722C8AD720424639005DC45D /* AppDelegate.swift */,
				722C8ADB20424639005DC45D /* Main.storyboard */,
				722C8ADE20424639005DC45D /* Assets.xcassets */,
				722C8AE020424639005DC45D /* LaunchScreen.storyboard */,
				722C8AE320424639005DC45D /* Info.plist */,
				722C8B0520424756005DC45D /* GoogleService-Info.plist */,
			);
			path = "Dash Transportation";
			sourceTree = "<group>";
		};
		722C8AEB2042463A005DC45D /* Dash TransportationTests */ = {
			isa = PBXGroup;
			children = (
				722C8AEC2042463A005DC45D /* Dash_TransportationTests.swift */,
				722C8AEE2042463A005DC45D /* Info.plist */,
			);
			path = "Dash TransportationTests";
			sourceTree = "<group>";
		};
		722C8AF62042463A005DC45D /* Dash TransportationUITests */ = {
			isa = PBXGroup;
			children = (
				722C8AF72042463A005DC45D /* Dash_TransportationUITests.swift */,
				722C8AF92042463A005DC45D /* Info.plist */,
			);
			path = "Dash TransportationUITests";
			sourceTree = "<group>";
		};
		D15FD72B31505C44A7F0F85C /* Pods */ = {
			isa = PBXGroup;
			children = (
				9FE439583D617F146BABC039 /* Pods-Dash Transportation.debug.xcconfig */,
				255A0A8CB6E2CB98B49AE449 /* Pods-Dash Transportation.release.xcconfig */,
				FD49729342228F0F0F9D9923 /* Pods-Dash TransportationTests.debug.xcconfig */,
				0A84A997294904B21A1B6CC9 /* Pods-Dash TransportationTests.release.xcconfig */,
				8F7EE31AF74ECBD2B4B8246B /* Pods-Dash TransportationUITests.debug.xcconfig */,
				B9A6A0EA88B237737B80CA31 /* Pods-Dash TransportationUITests.release.xcconfig */,
			);
			name = Pods;
			sourceTree = "<group>";
		};
		FF6846445D83063DD264B4F0 /* Frameworks */ = {
			isa = PBXGroup;
			children = (
				F59FD090284DE902A1B80A33 /* Pods_Dash_Transportation.framework */,
				3D87AC1C5540B022582AAE9B /* Pods_Dash_TransportationTests.framework */,
				F193D76CF7E65D800AC0F801 /* Pods_Dash_TransportationUITests.framework */,
			);
			name = Frameworks;
			sourceTree = "<group>";
		};
/* End PBXGroup section */

/* Begin PBXNativeTarget section */
		722C8AD320424639005DC45D /* Dash Transportation */ = {
			isa = PBXNativeTarget;
			buildConfigurationList = 722C8AFC2042463A005DC45D /* Build configuration list for PBXNativeTarget "Dash Transportation" */;
			buildPhases = (
				ADD2563491DF62ECD8B523DF /* [CP] Check Pods Manifest.lock */,
				722C8AD020424639005DC45D /* Sources */,
				722C8AD120424639005DC45D /* Frameworks */,
				722C8AD220424639005DC45D /* Resources */,
				2537F021A8C6999622279772 /* [CP] Embed Pods Frameworks */,
				72722E171EE72F4027E5517A /* [CP] Copy Pods Resources */,
			);
			buildRules = (
			);
			dependencies = (
			);
			name = "Dash Transportation";
			productName = "Dash Transportation";
			productReference = 722C8AD420424639005DC45D /* Dash Transportation.app */;
			productType = "com.apple.product-type.application";
		};
		722C8AE720424639005DC45D /* Dash TransportationTests */ = {
			isa = PBXNativeTarget;
			buildConfigurationList = 722C8AFF2042463A005DC45D /* Build configuration list for PBXNativeTarget "Dash TransportationTests" */;
			buildPhases = (
				D1E2A3378587E9BAB706FB64 /* [CP] Check Pods Manifest.lock */,
				722C8AE420424639005DC45D /* Sources */,
				722C8AE520424639005DC45D /* Frameworks */,
				722C8AE620424639005DC45D /* Resources */,
				A89685ACF8CDB7BA22CED9A9 /* [CP] Embed Pods Frameworks */,
				A967DCC3EE606FD91E797F58 /* [CP] Copy Pods Resources */,
			);
			buildRules = (
			);
			dependencies = (
				722C8AEA2042463A005DC45D /* PBXTargetDependency */,
			);
			name = "Dash TransportationTests";
			productName = "Dash TransportationTests";
			productReference = 722C8AE820424639005DC45D /* Dash TransportationTests.xctest */;
			productType = "com.apple.product-type.bundle.unit-test";
		};
		722C8AF22042463A005DC45D /* Dash TransportationUITests */ = {
			isa = PBXNativeTarget;
			buildConfigurationList = 722C8B022042463A005DC45D /* Build configuration list for PBXNativeTarget "Dash TransportationUITests" */;
			buildPhases = (
				691613648934B5CC8BF87142 /* [CP] Check Pods Manifest.lock */,
				722C8AEF2042463A005DC45D /* Sources */,
				722C8AF02042463A005DC45D /* Frameworks */,
				722C8AF12042463A005DC45D /* Resources */,
				E3DFBA392852FB329EB95B5E /* [CP] Embed Pods Frameworks */,
				E9617DB564732F8FFC7DFE01 /* [CP] Copy Pods Resources */,
			);
			buildRules = (
			);
			dependencies = (
				722C8AF52042463A005DC45D /* PBXTargetDependency */,
			);
			name = "Dash TransportationUITests";
			productName = "Dash TransportationUITests";
			productReference = 722C8AF32042463A005DC45D /* Dash TransportationUITests.xctest */;
			productType = "com.apple.product-type.bundle.ui-testing";
		};
/* End PBXNativeTarget section */

/* Begin PBXProject section */
		722C8ACC20424639005DC45D /* Project object */ = {
			isa = PBXProject;
			attributes = {
				LastSwiftUpdateCheck = 0920;
				LastUpgradeCheck = 0920;
				ORGANIZATIONNAME = "Dash Transportation";
				TargetAttributes = {
					722C8AD320424639005DC45D = {
						CreatedOnToolsVersion = 9.2;
						ProvisioningStyle = Automatic;
					};
					722C8AE720424639005DC45D = {
						CreatedOnToolsVersion = 9.2;
						ProvisioningStyle = Automatic;
						TestTargetID = 722C8AD320424639005DC45D;
					};
					722C8AF22042463A005DC45D = {
						CreatedOnToolsVersion = 9.2;
						ProvisioningStyle = Automatic;
						TestTargetID = 722C8AD320424639005DC45D;
					};
				};
			};
			buildConfigurationList = 722C8ACF20424639005DC45D /* Build configuration list for PBXProject "Dash Transportation" */;
			compatibilityVersion = "Xcode 8.0";
			developmentRegion = en;
			hasScannedForEncodings = 0;
			knownRegions = (
				en,
				Base,
			);
			mainGroup = 722C8ACB20424639005DC45D;
			productRefGroup = 722C8AD520424639005DC45D /* Products */;
			projectDirPath = "";
			projectRoot = "";
			targets = (
				722C8AD320424639005DC45D /* Dash Transportation */,
				722C8AE720424639005DC45D /* Dash TransportationTests */,
				722C8AF22042463A005DC45D /* Dash TransportationUITests */,
			);
		};
/* End PBXProject section */

/* Begin PBXResourcesBuildPhase section */
		722C8AD220424639005DC45D /* Resources */ = {
			isa = PBXResourcesBuildPhase;
			buildActionMask = 2147483647;
			files = (
				26107F6C2046796E00924505 /* Images in Resources */,
				722C8AE220424639005DC45D /* LaunchScreen.storyboard in Resources */,
				722C8B0620424756005DC45D /* GoogleService-Info.plist in Resources */,
				722C8ADF20424639005DC45D /* Assets.xcassets in Resources */,
				722C8ADD20424639005DC45D /* Main.storyboard in Resources */,
			);
			runOnlyForDeploymentPostprocessing = 0;
		};
		722C8AE620424639005DC45D /* Resources */ = {
			isa = PBXResourcesBuildPhase;
			buildActionMask = 2147483647;
			files = (
			);
			runOnlyForDeploymentPostprocessing = 0;
		};
		722C8AF12042463A005DC45D /* Resources */ = {
			isa = PBXResourcesBuildPhase;
			buildActionMask = 2147483647;
			files = (
			);
			runOnlyForDeploymentPostprocessing = 0;
		};
/* End PBXResourcesBuildPhase section */

/* Begin PBXShellScriptBuildPhase section */
		2537F021A8C6999622279772 /* [CP] Embed Pods Frameworks */ = {
			isa = PBXShellScriptBuildPhase;
			buildActionMask = 2147483647;
			files = (
			);
			inputPaths = (
				"${SRCROOT}/Pods/Target Support Files/Pods-Dash Transportation/Pods-Dash Transportation-frameworks.sh",
				"${BUILT_PRODUCTS_DIR}/GTMSessionFetcher/GTMSessionFetcher.framework",
				"${BUILT_PRODUCTS_DIR}/GoogleToolboxForMac/GoogleToolboxForMac.framework",
			);
			name = "[CP] Embed Pods Frameworks";
			outputPaths = (
				"${TARGET_BUILD_DIR}/${FRAMEWORKS_FOLDER_PATH}/GTMSessionFetcher.framework",
				"${TARGET_BUILD_DIR}/${FRAMEWORKS_FOLDER_PATH}/GoogleToolboxForMac.framework",
			);
			runOnlyForDeploymentPostprocessing = 0;
			shellPath = /bin/sh;
			shellScript = "\"${SRCROOT}/Pods/Target Support Files/Pods-Dash Transportation/Pods-Dash Transportation-frameworks.sh\"\n";
			showEnvVarsInLog = 0;
		};
		691613648934B5CC8BF87142 /* [CP] Check Pods Manifest.lock */ = {
			isa = PBXShellScriptBuildPhase;
			buildActionMask = 2147483647;
			files = (
			);
			inputPaths = (
				"${PODS_PODFILE_DIR_PATH}/Podfile.lock",
				"${PODS_ROOT}/Manifest.lock",
			);
			name = "[CP] Check Pods Manifest.lock";
			outputPaths = (
				"$(DERIVED_FILE_DIR)/Pods-Dash TransportationUITests-checkManifestLockResult.txt",
			);
			runOnlyForDeploymentPostprocessing = 0;
			shellPath = /bin/sh;
			shellScript = "diff \"${PODS_PODFILE_DIR_PATH}/Podfile.lock\" \"${PODS_ROOT}/Manifest.lock\" > /dev/null\nif [ $? != 0 ] ; then\n    # print error to STDERR\n    echo \"error: The sandbox is not in sync with the Podfile.lock. Run 'pod install' or update your CocoaPods installation.\" >&2\n    exit 1\nfi\n# This output is used by Xcode 'outputs' to avoid re-running this script phase.\necho \"SUCCESS\" > \"${SCRIPT_OUTPUT_FILE_0}\"\n";
			showEnvVarsInLog = 0;
		};
		72722E171EE72F4027E5517A /* [CP] Copy Pods Resources */ = {
			isa = PBXShellScriptBuildPhase;
			buildActionMask = 2147483647;
			files = (
			);
			inputPaths = (
				"${SRCROOT}/Pods/Target Support Files/Pods-Dash Transportation/Pods-Dash Transportation-resources.sh",
				"${PODS_ROOT}/GoogleMaps/Maps/Frameworks/GoogleMaps.framework/Resources/GoogleMaps.bundle",
				"${PODS_ROOT}/GooglePlacePicker/Frameworks/GooglePlacePicker.framework/Resources/GooglePlacePicker.bundle",
				"${PODS_ROOT}/GooglePlaces/Frameworks/GooglePlaces.framework/Resources/GooglePlaces.bundle",
			);
			name = "[CP] Copy Pods Resources";
			outputPaths = (
				"${TARGET_BUILD_DIR}/${UNLOCALIZED_RESOURCES_FOLDER_PATH}/GoogleMaps.bundle",
				"${TARGET_BUILD_DIR}/${UNLOCALIZED_RESOURCES_FOLDER_PATH}/GooglePlacePicker.bundle",
				"${TARGET_BUILD_DIR}/${UNLOCALIZED_RESOURCES_FOLDER_PATH}/GooglePlaces.bundle",
			);
			runOnlyForDeploymentPostprocessing = 0;
			shellPath = /bin/sh;
			shellScript = "\"${SRCROOT}/Pods/Target Support Files/Pods-Dash Transportation/Pods-Dash Transportation-resources.sh\"\n";
			showEnvVarsInLog = 0;
		};
		A89685ACF8CDB7BA22CED9A9 /* [CP] Embed Pods Frameworks */ = {
			isa = PBXShellScriptBuildPhase;
			buildActionMask = 2147483647;
			files = (
			);
			inputPaths = (
			);
			name = "[CP] Embed Pods Frameworks";
			outputPaths = (
			);
			runOnlyForDeploymentPostprocessing = 0;
			shellPath = /bin/sh;
			shellScript = "\"${SRCROOT}/Pods/Target Support Files/Pods-Dash TransportationTests/Pods-Dash TransportationTests-frameworks.sh\"\n";
			showEnvVarsInLog = 0;
		};
		A967DCC3EE606FD91E797F58 /* [CP] Copy Pods Resources */ = {
			isa = PBXShellScriptBuildPhase;
			buildActionMask = 2147483647;
			files = (
			);
			inputPaths = (
			);
			name = "[CP] Copy Pods Resources";
			outputPaths = (
			);
			runOnlyForDeploymentPostprocessing = 0;
			shellPath = /bin/sh;
			shellScript = "\"${SRCROOT}/Pods/Target Support Files/Pods-Dash TransportationTests/Pods-Dash TransportationTests-resources.sh\"\n";
			showEnvVarsInLog = 0;
		};
		ADD2563491DF62ECD8B523DF /* [CP] Check Pods Manifest.lock */ = {
			isa = PBXShellScriptBuildPhase;
			buildActionMask = 2147483647;
			files = (
			);
			inputPaths = (
				"${PODS_PODFILE_DIR_PATH}/Podfile.lock",
				"${PODS_ROOT}/Manifest.lock",
			);
			name = "[CP] Check Pods Manifest.lock";
			outputPaths = (
				"$(DERIVED_FILE_DIR)/Pods-Dash Transportation-checkManifestLockResult.txt",
			);
			runOnlyForDeploymentPostprocessing = 0;
			shellPath = /bin/sh;
			shellScript = "diff \"${PODS_PODFILE_DIR_PATH}/Podfile.lock\" \"${PODS_ROOT}/Manifest.lock\" > /dev/null\nif [ $? != 0 ] ; then\n    # print error to STDERR\n    echo \"error: The sandbox is not in sync with the Podfile.lock. Run 'pod install' or update your CocoaPods installation.\" >&2\n    exit 1\nfi\n# This output is used by Xcode 'outputs' to avoid re-running this script phase.\necho \"SUCCESS\" > \"${SCRIPT_OUTPUT_FILE_0}\"\n";
			showEnvVarsInLog = 0;
		};
		D1E2A3378587E9BAB706FB64 /* [CP] Check Pods Manifest.lock */ = {
			isa = PBXShellScriptBuildPhase;
			buildActionMask = 2147483647;
			files = (
			);
			inputPaths = (
				"${PODS_PODFILE_DIR_PATH}/Podfile.lock",
				"${PODS_ROOT}/Manifest.lock",
			);
			name = "[CP] Check Pods Manifest.lock";
			outputPaths = (
				"$(DERIVED_FILE_DIR)/Pods-Dash TransportationTests-checkManifestLockResult.txt",
			);
			runOnlyForDeploymentPostprocessing = 0;
			shellPath = /bin/sh;
			shellScript = "diff \"${PODS_PODFILE_DIR_PATH}/Podfile.lock\" \"${PODS_ROOT}/Manifest.lock\" > /dev/null\nif [ $? != 0 ] ; then\n    # print error to STDERR\n    echo \"error: The sandbox is not in sync with the Podfile.lock. Run 'pod install' or update your CocoaPods installation.\" >&2\n    exit 1\nfi\n# This output is used by Xcode 'outputs' to avoid re-running this script phase.\necho \"SUCCESS\" > \"${SCRIPT_OUTPUT_FILE_0}\"\n";
			showEnvVarsInLog = 0;
		};
		E3DFBA392852FB329EB95B5E /* [CP] Embed Pods Frameworks */ = {
			isa = PBXShellScriptBuildPhase;
			buildActionMask = 2147483647;
			files = (
			);
			inputPaths = (
			);
			name = "[CP] Embed Pods Frameworks";
			outputPaths = (
			);
			runOnlyForDeploymentPostprocessing = 0;
			shellPath = /bin/sh;
			shellScript = "\"${SRCROOT}/Pods/Target Support Files/Pods-Dash TransportationUITests/Pods-Dash TransportationUITests-frameworks.sh\"\n";
			showEnvVarsInLog = 0;
		};
		E9617DB564732F8FFC7DFE01 /* [CP] Copy Pods Resources */ = {
			isa = PBXShellScriptBuildPhase;
			buildActionMask = 2147483647;
			files = (
			);
			inputPaths = (
			);
			name = "[CP] Copy Pods Resources";
			outputPaths = (
			);
			runOnlyForDeploymentPostprocessing = 0;
			shellPath = /bin/sh;
			shellScript = "\"${SRCROOT}/Pods/Target Support Files/Pods-Dash TransportationUITests/Pods-Dash TransportationUITests-resources.sh\"\n";
			showEnvVarsInLog = 0;
		};
/* End PBXShellScriptBuildPhase section */

/* Begin PBXSourcesBuildPhase section */
		722C8AD020424639005DC45D /* Sources */ = {
			isa = PBXSourcesBuildPhase;
			buildActionMask = 2147483647;
			files = (
				722C8ADA20424639005DC45D /* SignUpVC.swift in Sources */,
				72B6AA382043E07C0063600E /* VerifyVC.swift in Sources */,
				72004A5E204254EA00334E8C /* HomeVC.swift in Sources */,
				722C8AD820424639005DC45D /* AppDelegate.swift in Sources */,
				72004A5C204251EF00334E8C /* User.swift in Sources */,
				72004A602042622B00334E8C /* LoginVC.swift in Sources */,
			);
			runOnlyForDeploymentPostprocessing = 0;
		};
		722C8AE420424639005DC45D /* Sources */ = {
			isa = PBXSourcesBuildPhase;
			buildActionMask = 2147483647;
			files = (
				722C8AED2042463A005DC45D /* Dash_TransportationTests.swift in Sources */,
			);
			runOnlyForDeploymentPostprocessing = 0;
		};
		722C8AEF2042463A005DC45D /* Sources */ = {
			isa = PBXSourcesBuildPhase;
			buildActionMask = 2147483647;
			files = (
				722C8AF82042463A005DC45D /* Dash_TransportationUITests.swift in Sources */,
			);
			runOnlyForDeploymentPostprocessing = 0;
		};
/* End PBXSourcesBuildPhase section */

/* Begin PBXTargetDependency section */
		722C8AEA2042463A005DC45D /* PBXTargetDependency */ = {
			isa = PBXTargetDependency;
			target = 722C8AD320424639005DC45D /* Dash Transportation */;
			targetProxy = 722C8AE92042463A005DC45D /* PBXContainerItemProxy */;
		};
		722C8AF52042463A005DC45D /* PBXTargetDependency */ = {
			isa = PBXTargetDependency;
			target = 722C8AD320424639005DC45D /* Dash Transportation */;
			targetProxy = 722C8AF42042463A005DC45D /* PBXContainerItemProxy */;
		};
/* End PBXTargetDependency section */

/* Begin PBXVariantGroup section */
		722C8ADB20424639005DC45D /* Main.storyboard */ = {
			isa = PBXVariantGroup;
			children = (
				722C8ADC20424639005DC45D /* Base */,
			);
			name = Main.storyboard;
			sourceTree = "<group>";
		};
		722C8AE020424639005DC45D /* LaunchScreen.storyboard */ = {
			isa = PBXVariantGroup;
			children = (
				722C8AE120424639005DC45D /* Base */,
			);
			name = LaunchScreen.storyboard;
			sourceTree = "<group>";
		};
/* End PBXVariantGroup section */

/* Begin XCBuildConfiguration section */
		722C8AFA2042463A005DC45D /* Debug */ = {
			isa = XCBuildConfiguration;
			buildSettings = {
				ALWAYS_SEARCH_USER_PATHS = NO;
				CLANG_ANALYZER_NONNULL = YES;
				CLANG_ANALYZER_NUMBER_OBJECT_CONVERSION = YES_AGGRESSIVE;
				CLANG_CXX_LANGUAGE_STANDARD = "gnu++14";
				CLANG_CXX_LIBRARY = "libc++";
				CLANG_ENABLE_MODULES = YES;
				CLANG_ENABLE_OBJC_ARC = YES;
				CLANG_WARN_BLOCK_CAPTURE_AUTORELEASING = YES;
				CLANG_WARN_BOOL_CONVERSION = YES;
				CLANG_WARN_COMMA = YES;
				CLANG_WARN_CONSTANT_CONVERSION = YES;
				CLANG_WARN_DIRECT_OBJC_ISA_USAGE = YES_ERROR;
				CLANG_WARN_DOCUMENTATION_COMMENTS = YES;
				CLANG_WARN_EMPTY_BODY = YES;
				CLANG_WARN_ENUM_CONVERSION = YES;
				CLANG_WARN_INFINITE_RECURSION = YES;
				CLANG_WARN_INT_CONVERSION = YES;
				CLANG_WARN_NON_LITERAL_NULL_CONVERSION = YES;
				CLANG_WARN_OBJC_LITERAL_CONVERSION = YES;
				CLANG_WARN_OBJC_ROOT_CLASS = YES_ERROR;
				CLANG_WARN_RANGE_LOOP_ANALYSIS = YES;
				CLANG_WARN_STRICT_PROTOTYPES = YES;
				CLANG_WARN_SUSPICIOUS_MOVE = YES;
				CLANG_WARN_UNGUARDED_AVAILABILITY = YES_AGGRESSIVE;
				CLANG_WARN_UNREACHABLE_CODE = YES;
				CLANG_WARN__DUPLICATE_METHOD_MATCH = YES;
				CODE_SIGN_IDENTITY = "iPhone Developer";
				COPY_PHASE_STRIP = NO;
				DEBUG_INFORMATION_FORMAT = dwarf;
				ENABLE_STRICT_OBJC_MSGSEND = YES;
				ENABLE_TESTABILITY = YES;
				GCC_C_LANGUAGE_STANDARD = gnu11;
				GCC_DYNAMIC_NO_PIC = NO;
				GCC_NO_COMMON_BLOCKS = YES;
				GCC_OPTIMIZATION_LEVEL = 0;
				GCC_PREPROCESSOR_DEFINITIONS = (
					"DEBUG=1",
					"$(inherited)",
				);
				GCC_WARN_64_TO_32_BIT_CONVERSION = YES;
				GCC_WARN_ABOUT_RETURN_TYPE = YES_ERROR;
				GCC_WARN_UNDECLARED_SELECTOR = YES;
				GCC_WARN_UNINITIALIZED_AUTOS = YES_AGGRESSIVE;
				GCC_WARN_UNUSED_FUNCTION = YES;
				GCC_WARN_UNUSED_VARIABLE = YES;
				IPHONEOS_DEPLOYMENT_TARGET = 11.2;
				MTL_ENABLE_DEBUG_INFO = YES;
				ONLY_ACTIVE_ARCH = YES;
				SDKROOT = iphoneos;
				SWIFT_ACTIVE_COMPILATION_CONDITIONS = DEBUG;
				SWIFT_OPTIMIZATION_LEVEL = "-Onone";
			};
			name = Debug;
		};
		722C8AFB2042463A005DC45D /* Release */ = {
			isa = XCBuildConfiguration;
			buildSettings = {
				ALWAYS_SEARCH_USER_PATHS = NO;
				CLANG_ANALYZER_NONNULL = YES;
				CLANG_ANALYZER_NUMBER_OBJECT_CONVERSION = YES_AGGRESSIVE;
				CLANG_CXX_LANGUAGE_STANDARD = "gnu++14";
				CLANG_CXX_LIBRARY = "libc++";
				CLANG_ENABLE_MODULES = YES;
				CLANG_ENABLE_OBJC_ARC = YES;
				CLANG_WARN_BLOCK_CAPTURE_AUTORELEASING = YES;
				CLANG_WARN_BOOL_CONVERSION = YES;
				CLANG_WARN_COMMA = YES;
				CLANG_WARN_CONSTANT_CONVERSION = YES;
				CLANG_WARN_DIRECT_OBJC_ISA_USAGE = YES_ERROR;
				CLANG_WARN_DOCUMENTATION_COMMENTS = YES;
				CLANG_WARN_EMPTY_BODY = YES;
				CLANG_WARN_ENUM_CONVERSION = YES;
				CLANG_WARN_INFINITE_RECURSION = YES;
				CLANG_WARN_INT_CONVERSION = YES;
				CLANG_WARN_NON_LITERAL_NULL_CONVERSION = YES;
				CLANG_WARN_OBJC_LITERAL_CONVERSION = YES;
				CLANG_WARN_OBJC_ROOT_CLASS = YES_ERROR;
				CLANG_WARN_RANGE_LOOP_ANALYSIS = YES;
				CLANG_WARN_STRICT_PROTOTYPES = YES;
				CLANG_WARN_SUSPICIOUS_MOVE = YES;
				CLANG_WARN_UNGUARDED_AVAILABILITY = YES_AGGRESSIVE;
				CLANG_WARN_UNREACHABLE_CODE = YES;
				CLANG_WARN__DUPLICATE_METHOD_MATCH = YES;
				CODE_SIGN_IDENTITY = "iPhone Developer";
				COPY_PHASE_STRIP = NO;
				DEBUG_INFORMATION_FORMAT = "dwarf-with-dsym";
				ENABLE_NS_ASSERTIONS = NO;
				ENABLE_STRICT_OBJC_MSGSEND = YES;
				GCC_C_LANGUAGE_STANDARD = gnu11;
				GCC_NO_COMMON_BLOCKS = YES;
				GCC_WARN_64_TO_32_BIT_CONVERSION = YES;
				GCC_WARN_ABOUT_RETURN_TYPE = YES_ERROR;
				GCC_WARN_UNDECLARED_SELECTOR = YES;
				GCC_WARN_UNINITIALIZED_AUTOS = YES_AGGRESSIVE;
				GCC_WARN_UNUSED_FUNCTION = YES;
				GCC_WARN_UNUSED_VARIABLE = YES;
				IPHONEOS_DEPLOYMENT_TARGET = 11.2;
				MTL_ENABLE_DEBUG_INFO = NO;
				SDKROOT = iphoneos;
				SWIFT_OPTIMIZATION_LEVEL = "-Owholemodule";
				VALIDATE_PRODUCT = YES;
			};
			name = Release;
		};
		722C8AFD2042463A005DC45D /* Debug */ = {
			isa = XCBuildConfiguration;
			baseConfigurationReference = 9FE439583D617F146BABC039 /* Pods-Dash Transportation.debug.xcconfig */;
			buildSettings = {
				ASSETCATALOG_COMPILER_APPICON_NAME = AppIcon;
				CODE_SIGN_STYLE = Automatic;
				DEVELOPMENT_TEAM = T284FY9YG5;
				INFOPLIST_FILE = "Dash Transportation/Info.plist";
				IPHONEOS_DEPLOYMENT_TARGET = 11.1;
				LD_RUNPATH_SEARCH_PATHS = "$(inherited) @executable_path/Frameworks";
				PRODUCT_BUNDLE_IDENTIFIER = "com.dash-transportation.Dash-Transportation";
				PRODUCT_NAME = "$(TARGET_NAME)";
				SWIFT_VERSION = 4.0;
				TARGETED_DEVICE_FAMILY = "1,2";
			};
			name = Debug;
		};
		722C8AFE2042463A005DC45D /* Release */ = {
			isa = XCBuildConfiguration;
			baseConfigurationReference = 255A0A8CB6E2CB98B49AE449 /* Pods-Dash Transportation.release.xcconfig */;
			buildSettings = {
				ASSETCATALOG_COMPILER_APPICON_NAME = AppIcon;
				CODE_SIGN_STYLE = Automatic;
				DEVELOPMENT_TEAM = T284FY9YG5;
				INFOPLIST_FILE = "Dash Transportation/Info.plist";
				IPHONEOS_DEPLOYMENT_TARGET = 11.1;
				LD_RUNPATH_SEARCH_PATHS = "$(inherited) @executable_path/Frameworks";
				PRODUCT_BUNDLE_IDENTIFIER = "com.dash-transportation.Dash-Transportation";
				PRODUCT_NAME = "$(TARGET_NAME)";
				SWIFT_VERSION = 4.0;
				TARGETED_DEVICE_FAMILY = "1,2";
			};
			name = Release;
		};
		722C8B002042463A005DC45D /* Debug */ = {
			isa = XCBuildConfiguration;
			baseConfigurationReference = FD49729342228F0F0F9D9923 /* Pods-Dash TransportationTests.debug.xcconfig */;
			buildSettings = {
				ALWAYS_EMBED_SWIFT_STANDARD_LIBRARIES = YES;
				BUNDLE_LOADER = "$(TEST_HOST)";
				CODE_SIGN_STYLE = Automatic;
				INFOPLIST_FILE = "Dash TransportationTests/Info.plist";
				LD_RUNPATH_SEARCH_PATHS = "$(inherited) @executable_path/Frameworks @loader_path/Frameworks";
				PRODUCT_BUNDLE_IDENTIFIER = "com.dash-transportation.Dash-TransportationTests";
				PRODUCT_NAME = "$(TARGET_NAME)";
				SWIFT_VERSION = 4.0;
				TARGETED_DEVICE_FAMILY = "1,2";
				TEST_HOST = "$(BUILT_PRODUCTS_DIR)/Dash Transportation.app/Dash Transportation";
			};
			name = Debug;
		};
		722C8B012042463A005DC45D /* Release */ = {
			isa = XCBuildConfiguration;
			baseConfigurationReference = 0A84A997294904B21A1B6CC9 /* Pods-Dash TransportationTests.release.xcconfig */;
			buildSettings = {
				ALWAYS_EMBED_SWIFT_STANDARD_LIBRARIES = YES;
				BUNDLE_LOADER = "$(TEST_HOST)";
				CODE_SIGN_STYLE = Automatic;
				INFOPLIST_FILE = "Dash TransportationTests/Info.plist";
				LD_RUNPATH_SEARCH_PATHS = "$(inherited) @executable_path/Frameworks @loader_path/Frameworks";
				PRODUCT_BUNDLE_IDENTIFIER = "com.dash-transportation.Dash-TransportationTests";
				PRODUCT_NAME = "$(TARGET_NAME)";
				SWIFT_VERSION = 4.0;
				TARGETED_DEVICE_FAMILY = "1,2";
				TEST_HOST = "$(BUILT_PRODUCTS_DIR)/Dash Transportation.app/Dash Transportation";
			};
			name = Release;
		};
		722C8B032042463A005DC45D /* Debug */ = {
			isa = XCBuildConfiguration;
			baseConfigurationReference = 8F7EE31AF74ECBD2B4B8246B /* Pods-Dash TransportationUITests.debug.xcconfig */;
			buildSettings = {
				ALWAYS_EMBED_SWIFT_STANDARD_LIBRARIES = YES;
				CODE_SIGN_STYLE = Automatic;
				INFOPLIST_FILE = "Dash TransportationUITests/Info.plist";
				LD_RUNPATH_SEARCH_PATHS = "$(inherited) @executable_path/Frameworks @loader_path/Frameworks";
				PRODUCT_BUNDLE_IDENTIFIER = "com.dash-transportation.Dash-TransportationUITests";
				PRODUCT_NAME = "$(TARGET_NAME)";
				SWIFT_VERSION = 4.0;
				TARGETED_DEVICE_FAMILY = "1,2";
				TEST_TARGET_NAME = "Dash Transportation";
			};
			name = Debug;
		};
		722C8B042042463A005DC45D /* Release */ = {
			isa = XCBuildConfiguration;
			baseConfigurationReference = B9A6A0EA88B237737B80CA31 /* Pods-Dash TransportationUITests.release.xcconfig */;
			buildSettings = {
				ALWAYS_EMBED_SWIFT_STANDARD_LIBRARIES = YES;
				CODE_SIGN_STYLE = Automatic;
				INFOPLIST_FILE = "Dash TransportationUITests/Info.plist";
				LD_RUNPATH_SEARCH_PATHS = "$(inherited) @executable_path/Frameworks @loader_path/Frameworks";
				PRODUCT_BUNDLE_IDENTIFIER = "com.dash-transportation.Dash-TransportationUITests";
				PRODUCT_NAME = "$(TARGET_NAME)";
				SWIFT_VERSION = 4.0;
				TARGETED_DEVICE_FAMILY = "1,2";
				TEST_TARGET_NAME = "Dash Transportation";
			};
			name = Release;
		};
/* End XCBuildConfiguration section */

/* Begin XCConfigurationList section */
		722C8ACF20424639005DC45D /* Build configuration list for PBXProject "Dash Transportation" */ = {
			isa = XCConfigurationList;
			buildConfigurations = (
				722C8AFA2042463A005DC45D /* Debug */,
				722C8AFB2042463A005DC45D /* Release */,
			);
			defaultConfigurationIsVisible = 0;
			defaultConfigurationName = Release;
		};
		722C8AFC2042463A005DC45D /* Build configuration list for PBXNativeTarget "Dash Transportation" */ = {
			isa = XCConfigurationList;
			buildConfigurations = (
				722C8AFD2042463A005DC45D /* Debug */,
				722C8AFE2042463A005DC45D /* Release */,
			);
			defaultConfigurationIsVisible = 0;
			defaultConfigurationName = Release;
		};
		722C8AFF2042463A005DC45D /* Build configuration list for PBXNativeTarget "Dash TransportationTests" */ = {
			isa = XCConfigurationList;
			buildConfigurations = (
				722C8B002042463A005DC45D /* Debug */,
				722C8B012042463A005DC45D /* Release */,
			);
			defaultConfigurationIsVisible = 0;
			defaultConfigurationName = Release;
		};
		722C8B022042463A005DC45D /* Build configuration list for PBXNativeTarget "Dash TransportationUITests" */ = {
			isa = XCConfigurationList;
			buildConfigurations = (
				722C8B032042463A005DC45D /* Debug */,
				722C8B042042463A005DC45D /* Release */,
			);
			defaultConfigurationIsVisible = 0;
			defaultConfigurationName = Release;
		};
/* End XCConfigurationList section */
	};
	rootObject = 722C8ACC20424639005DC45D /* Project object */;
}
